
Microsoft Visual Studio Solution File, Format Version 12.00
# Visual Studio Version 17
VisualStudioVersion = 17.12.35707.178
MinimumVisualStudioVersion = 10.0.40219.1
Project("{FAE04EC0-301F-11D3-BF4B-00C04F79EFBC}") = "Monopoly", "WpfApp1\Monopoly.csproj", "{B62DA662-D81F-4752-B3C8-2F3FD1DBE05D}"
EndProject
Global
	GlobalSection(SolutionConfigurationPlatforms) = preSolution
		Debug|Any CPU = Debug|Any CPU
		Release|Any CPU = Release|Any CPU
	EndGlobalSection
	GlobalSection(ProjectConfigurationPlatforms) = postSolution
		{B62DA662-D81F-4752-B3C8-2F3FD1DBE05D}.Debug|Any CPU.ActiveCfg = Debug|Any CPU
		{B62DA662-D81F-4752-B3C8-2F3FD1DBE05D}.Debug|Any CPU.Build.0 = Debug|Any CPU
		{B62DA662-D81F-4752-B3C8-2F3FD1DBE05D}.Release|Any CPU.ActiveCfg = Release|Any CPU
		{B62DA662-D81F-4752-B3C8-2F3FD1DBE05D}.Release|Any CPU.Build.0 = Release|Any CPU
	EndGlobalSection
	GlobalSection(SolutionProperties) = preSolution
		HideSolutionNode = FALSE
	EndGlobalSection
	GlobalSection(ExtensibilityGlobals) = postSolution
		SolutionGuid = {D5633E14-CBD3-43CC-B5A2-7589FD4B96B5}
	EndGlobalSection
EndGlobal
